
Microsoft Visual Studio Solution File, Format Version 12.00
# Visual Studio Version 17
VisualStudioVersion = 17.9.34607.119
MinimumVisualStudioVersion = 10.0.40219.1
Project("{9A19103F-16F7-4668-BE54-9A1E7A4F7556}") = "PublishAzDoTestResults", "PublishAzDoTestResults.csproj", "{6B7F64F9-9D9F-4DE0-9225-419BCED4EAAE}"
EndProject
Global
	GlobalSection(SolutionConfigurationPlatforms) = preSolution
		Debug|Any CPU = Debug|Any CPU
		Release|Any CPU = Release|Any CPU
	EndGlobalSection
	GlobalSection(ProjectConfigurationPlatforms) = postSolution
		{6B7F64F9-9D9F-4DE0-9225-419BCED4EAAE}.Debug|Any CPU.ActiveCfg = Debug|Any CPU
		{6B7F64F9-9D9F-4DE0-9225-419BCED4EAAE}.Debug|Any CPU.Build.0 = Debug|Any CPU
		{6B7F64F9-9D9F-4DE0-9225-419BCED4EAAE}.Release|Any CPU.ActiveCfg = Release|Any CPU
		{6B7F64F9-9D9F-4DE0-9225-419BCED4EAAE}.Release|Any CPU.Build.0 = Release|Any CPU
	EndGlobalSection
	GlobalSection(SolutionProperties) = preSolution
		HideSolutionNode = FALSE
	EndGlobalSection
	GlobalSection(ExtensibilityGlobals) = postSolution
		SolutionGuid = {4FE25503-3D4B-4718-9DC4-4459B82A85A0}
	EndGlobalSection
EndGlobal
